dependencies:
  idf:
    source:
      type: idf
    version: 6.0.0
  lvgl/lvgl:
    component_hash: 77ce3a05acc0f9709986d61ab2655f6e15c5803f8866aa7fe94a6cfeee6c0cd1
    dependencies: []
    source:
      registry_url: https://components.espressif.com/
      type: service
    version: 7.11.0
direct_dependencies:
- idf
- lvgl/lvgl
manifest_hash: ea4816d58134bc36b65621d46f27cf02cc31fc74c799c6e1b31616ad7e33f112
target: esp32s3
version: 3.0.0
